
Microsoft Visual Studio Solution File, Format Version 12.00
# Visual Studio Version 16
VisualStudioVersion = 16.0.31624.102
MinimumVisualStudioVersion = 10.0.40219.1
Project("{9A19103F-16F7-4668-BE54-9A1E7A4F7556}") = "dfki.mmiunity-core", "dfki.mmiunity-core\dfki.mmiunity-core.csproj", "{D201AF8E-A79B-4328-8BA1-19E02F24A34C}"
EndProject
Project("{9A19103F-16F7-4668-BE54-9A1E7A4F7556}") = "Idle", "Idle\Idle.csproj", "{219878ED-8BBF-4A23-920A-AAE7F1B6377F}"
EndProject
Project("{9A19103F-16F7-4668-BE54-9A1E7A4F7556}") = "UnityLocomotionMMU", "Locomotion\UnityLocomotionMMU.csproj", "{28C438DF-67F8-4E01-8B76-6D5918AB7ADC}"
EndProject
Project("{9A19103F-16F7-4668-BE54-9A1E7A4F7556}") = "BlendedIdle", "BlendedIdle\BlendedIdle.csproj", "{16DE1E4F-FD4A-453B-AC3C-7B24ABD2D3F9}"
EndProject
Global
	GlobalSection(SolutionConfigurationPlatforms) = preSolution
		Debug|Any CPU = Debug|Any CPU
		Release|Any CPU = Release|Any CPU
	EndGlobalSection
	GlobalSection(ProjectConfigurationPlatforms) = postSolution
		{D201AF8E-A79B-4328-8BA1-19E02F24A34C}.Debug|Any CPU.ActiveCfg = Debug|Any CPU
		{D201AF8E-A79B-4328-8BA1-19E02F24A34C}.Debug|Any CPU.Build.0 = Debug|Any CPU
		{D201AF8E-A79B-4328-8BA1-19E02F24A34C}.Release|Any CPU.ActiveCfg = Release|Any CPU
		{D201AF8E-A79B-4328-8BA1-19E02F24A34C}.Release|Any CPU.Build.0 = Release|Any CPU
		{219878ED-8BBF-4A23-920A-AAE7F1B6377F}.Debug|Any CPU.ActiveCfg = Debug|Any CPU
		{219878ED-8BBF-4A23-920A-AAE7F1B6377F}.Debug|Any CPU.Build.0 = Debug|Any CPU
		{219878ED-8BBF-4A23-920A-AAE7F1B6377F}.Release|Any CPU.ActiveCfg = Release|Any CPU
		{219878ED-8BBF-4A23-920A-AAE7F1B6377F}.Release|Any CPU.Build.0 = Release|Any CPU
		{28C438DF-67F8-4E01-8B76-6D5918AB7ADC}.Debug|Any CPU.ActiveCfg = Debug|Any CPU
		{28C438DF-67F8-4E01-8B76-6D5918AB7ADC}.Debug|Any CPU.Build.0 = Debug|Any CPU
		{28C438DF-67F8-4E01-8B76-6D5918AB7ADC}.Release|Any CPU.ActiveCfg = Release|Any CPU
		{28C438DF-67F8-4E01-8B76-6D5918AB7ADC}.Release|Any CPU.Build.0 = Release|Any CPU
		{16DE1E4F-FD4A-453B-AC3C-7B24ABD2D3F9}.Debug|Any CPU.ActiveCfg = Debug|Any CPU
		{16DE1E4F-FD4A-453B-AC3C-7B24ABD2D3F9}.Debug|Any CPU.Build.0 = Debug|Any CPU
		{16DE1E4F-FD4A-453B-AC3C-7B24ABD2D3F9}.Release|Any CPU.ActiveCfg = Release|Any CPU
		{16DE1E4F-FD4A-453B-AC3C-7B24ABD2D3F9}.Release|Any CPU.Build.0 = Release|Any CPU
	EndGlobalSection
	GlobalSection(SolutionProperties) = preSolution
		HideSolutionNode = FALSE
	EndGlobalSection
	GlobalSection(ExtensibilityGlobals) = postSolution
		SolutionGuid = {5732EB4F-BD9B-4918-8C10-9D7FCEAD3712}
	EndGlobalSection
EndGlobal
